
Microsoft Visual Studio Solution File, Format Version 12.00
# Visual Studio Version 16
VisualStudioVersion = 16.0.31112.23
MinimumVisualStudioVersion = 10.0.40219.1
Project("{FAE04EC0-301F-11D3-BF4B-00C04F79EFBC}") = "PaymentRegister", "PaymentRegister\PaymentRegister.csproj", "{B1B7639A-89D8-4C70-9240-16B5234525BF}"
EndProject
Global
	GlobalSection(SolutionConfigurationPlatforms) = preSolution
		Debug|Any CPU = Debug|Any CPU
		Release|Any CPU = Release|Any CPU
	EndGlobalSection
	GlobalSection(ProjectConfigurationPlatforms) = postSolution
		{B1B7639A-89D8-4C70-9240-16B5234525BF}.Debug|Any CPU.ActiveCfg = Debug|Any CPU
		{B1B7639A-89D8-4C70-9240-16B5234525BF}.Debug|Any CPU.Build.0 = Debug|Any CPU
		{B1B7639A-89D8-4C70-9240-16B5234525BF}.Release|Any CPU.ActiveCfg = Release|Any CPU
		{B1B7639A-89D8-4C70-9240-16B5234525BF}.Release|Any CPU.Build.0 = Release|Any CPU
	EndGlobalSection
	GlobalSection(SolutionProperties) = preSolution
		HideSolutionNode = FALSE
	EndGlobalSection
	GlobalSection(ExtensibilityGlobals) = postSolution
		SolutionGuid = {DA480831-3718-4029-8511-3D673F8DBEDD}
	EndGlobalSection
EndGlobal
